
Microsoft Visual Studio Solution File, Format Version 12.00
# Visual Studio Version 17
VisualStudioVersion = 17.8.34408.163
MinimumVisualStudioVersion = 10.0.40219.1
Project("{FAE04EC0-301F-11D3-BF4B-00C04F79EFBC}") = "Chavez_HelloWorld", "Chavez_HelloWorld\Chavez_HelloWorld.csproj", "{841E0759-0808-400C-91D4-0C327CA79689}"
EndProject
Global
	GlobalSection(SolutionConfigurationPlatforms) = preSolution
		Debug|Any CPU = Debug|Any CPU
		Release|Any CPU = Release|Any CPU
	EndGlobalSection
	GlobalSection(ProjectConfigurationPlatforms) = postSolution
		{841E0759-0808-400C-91D4-0C327CA79689}.Debug|Any CPU.ActiveCfg = Debug|Any CPU
		{841E0759-0808-400C-91D4-0C327CA79689}.Debug|Any CPU.Build.0 = Debug|Any CPU
		{841E0759-0808-400C-91D4-0C327CA79689}.Release|Any CPU.ActiveCfg = Release|Any CPU
		{841E0759-0808-400C-91D4-0C327CA79689}.Release|Any CPU.Build.0 = Release|Any CPU
	EndGlobalSection
	GlobalSection(SolutionProperties) = preSolution
		HideSolutionNode = FALSE
	EndGlobalSection
	GlobalSection(ExtensibilityGlobals) = postSolution
		SolutionGuid = {212635AA-F45A-4C0E-AA7C-3E7896910B90}
	EndGlobalSection
EndGlobal
